{
  "name": "bun-elysiajs-client-server",
  "lockfileVersion": 3,
  "requires": true,
  "packages": {
    "": {
      "dependencies": {
        "@elysiajs/eden": "^0.6.5"
      }
    },
    "node_modules/@elysiajs/eden": {
      "version": "0.6.5",
      "resolved": "https://registry.npmjs.org/@elysiajs/eden/-/eden-0.6.5.tgz",
      "integrity": "sha512-kAoTiWOeod3nvHTB4jeRFIIhXKyflGfora8E5kffzEVtX4t3X6O8GA37iATGk15slYk2XojiQDIHXMDqVpbBGQ==",
      "dependencies": {
        "superjson": "^1.12.2"
      },
      "peerDependencies": {
        "elysia": ">= 0.6.7"
      },
      "peerDependenciesMeta": {
        "@sinclair/typebox": {
          "optional": true
        }
      }
    },
    "node_modules/@sinclair/typebox": {
      "version": "0.30.4",
      "resolved": "https://registry.npmjs.org/@sinclair/typebox/-/typebox-0.30.4.tgz",
      "integrity": "sha512-wFuuDR+O1OAE2GL0q68h1Ty00RE6Ihcixr55A6TU5RCvOUHnwJw9LGuDVg9NxDiAp7m/YJpa+UaOuLAz0ziyOQ==",
      "peer": true
    },
    "node_modules/copy-anything": {
      "version": "3.0.5",
      "resolved": "https://registry.npmjs.org/copy-anything/-/copy-anything-3.0.5.tgz",
      "integrity": "sha512-yCEafptTtb4bk7GLEQoM8KVJpxAfdBJYaXyzQEgQQQgYrZiDp8SJmGKlYza6CYjEDNstAdNdKA3UuoULlEbS6w==",
      "dependencies": {
        "is-what": "^4.1.8"
      },
      "engines": {
        "node": ">=12.13"
      },
      "funding": {
        "url": "https://github.com/sponsors/mesqueeb"
      }
    },
    "node_modules/elysia": {
      "version": "0.6.23",
      "resolved": "https://registry.npmjs.org/elysia/-/elysia-0.6.23.tgz",
      "integrity": "sha512-Pg4imIefGhHZsGGhfGQm6zX2fiRsN6DVoYp8gyjPQ1hvmjXBamVM5S9kAKuB6TP+E6b/KzRH+y+76PWYQpvVyQ==",
      "peer": true,
      "dependencies": {
        "@sinclair/typebox": "^0.30.4",
        "fast-querystring": "^1.1.2",
        "memoirist": "0.1.4",
        "mergician": "^1.1.0",
        "openapi-types": "^12.1.3"
      },
      "peerDependencies": {
        "@sinclair/typebox": ">= 0.28.10",
        "openapi-types": ">= 12.0.0",
        "typescript": ">= 5.0.0"
      },
      "peerDependenciesMeta": {
        "@elysiajs/fn": {
          "optional": true
        },
        "@sinclair/typebox": {
          "optional": true
        },
        "openapi-types": {
          "optional": true
        },
        "typescript": {
          "optional": true
        }
      }
    },
    "node_modules/fast-decode-uri-component": {
      "version": "1.0.1",
      "resolved": "https://registry.npmjs.org/fast-decode-uri-component/-/fast-decode-uri-component-1.0.1.tgz",
      "integrity": "sha512-WKgKWg5eUxvRZGwW8FvfbaH7AXSh2cL+3j5fMGzUMCxWBJ3dV3a7Wz8y2f/uQ0e3B6WmodD3oS54jTQ9HVTIIg==",
      "peer": true
    },
    "node_modules/fast-querystring": {
      "version": "1.1.2",
      "resolved": "https://registry.npmjs.org/fast-querystring/-/fast-querystring-1.1.2.tgz",
      "integrity": "sha512-g6KuKWmFXc0fID8WWH0jit4g0AGBoJhCkJMb1RmbsSEUNvQ+ZC8D6CUZ+GtF8nMzSPXnhiePyyqqipzNNEnHjg==",
      "peer": true,
      "dependencies": {
        "fast-decode-uri-component": "^1.0.1"
      }
    },
    "node_modules/is-what": {
      "version": "4.1.15",
      "resolved": "https://registry.npmjs.org/is-what/-/is-what-4.1.15.tgz",
      "integrity": "sha512-uKua1wfy3Yt+YqsD6mTUEa2zSi3G1oPlqTflgaPJ7z63vUGN5pxFpnQfeSLMFnJDEsdvOtkp1rUWkYjB4YfhgA==",
      "engines": {
        "node": ">=12.13"
      },
      "funding": {
        "url": "https://github.com/sponsors/mesqueeb"
      }
    },
    "node_modules/memoirist": {
      "version": "0.1.4",
      "resolved": "https://registry.npmjs.org/memoirist/-/memoirist-0.1.4.tgz",
      "integrity": "sha512-D6GbPSqO2nUVOmm7VZjJc5tC60pkOVUPzLwkKl1vCiYP+2b1cG8N9q1O3P0JmNM68u8vsgefPbxRUCSGxSXD+g==",
      "peer": true
    },
    "node_modules/mergician": {
      "version": "1.1.0",
      "resolved": "https://registry.npmjs.org/mergician/-/mergician-1.1.0.tgz",
      "integrity": "sha512-FXbxzU6BBhGkV8XtUr8Sk015ZRaAALviit8Lle6OEgd1udX8wlu6tBeUMLGQGdz1MfHpAVNNQkXowyDnJuhXpA==",
      "peer": true,
      "engines": {
        "node": ">=10.0.0"
      }
    },
    "node_modules/openapi-types": {
      "version": "12.1.3",
      "resolved": "https://registry.npmjs.org/openapi-types/-/openapi-types-12.1.3.tgz",
      "integrity": "sha512-N4YtSYJqghVu4iek2ZUvcN/0aqH1kRDuNqzcycDxhOUpg7GdvLa2F3DgS6yBNhInhv2r/6I0Flkn7CqL8+nIcw==",
      "peer": true
    },
    "node_modules/superjson": {
      "version": "1.13.1",
      "resolved": "https://registry.npmjs.org/superjson/-/superjson-1.13.1.tgz",
      "integrity": "sha512-AVH2eknm9DEd3qvxM4Sq+LTCkSXE2ssfh1t11MHMXyYXFQyQ1HLgVvV+guLTsaQnJU3gnaVo34TohHPulY/wLg==",
      "dependencies": {
        "copy-anything": "^3.0.2"
      },
      "engines": {
        "node": ">=10"
      }
    }
  }
}
