{
  "name": "typed-html-fun",
  "lockfileVersion": 3,
  "requires": true,
  "packages": {
    "": {
      "dependencies": {
        "typed-html": "^3.0.1"
      }
    },
    "node_modules/typed-html": {
      "version": "3.0.1",
      "resolved": "https://registry.npmjs.org/typed-html/-/typed-html-3.0.1.tgz",
      "integrity": "sha512-JKCM9zTfPDuPqQqdGZBWSEiItShliKkBFg5c6yOR8zth43v763XkAzTWaOlVqc0Y6p9ee8AaAbipGfUnCsYZUA==",
      "engines": {
        "node": ">=12"
      }
    }
  }
}
